
Microsoft Visual Studio Solution File, Format Version 12.00
Project("{FAE04EC0-301F-11D3-BF4B-00C04F79EFBC}") = "MarsRover", "MarsRover\MarsRover.csproj", "{A97D4DD0-18B1-437A-9D8F-95BE11BDEEF1}"
EndProject
Global
	GlobalSection(SolutionConfigurationPlatforms) = preSolution
		Debug|Any CPU = Debug|Any CPU
		Release|Any CPU = Release|Any CPU
	EndGlobalSection
	GlobalSection(ProjectConfigurationPlatforms) = postSolution
		{A97D4DD0-18B1-437A-9D8F-95BE11BDEEF1}.Debug|Any CPU.ActiveCfg = Debug|Any CPU
		{A97D4DD0-18B1-437A-9D8F-95BE11BDEEF1}.Debug|Any CPU.Build.0 = Debug|Any CPU
		{A97D4DD0-18B1-437A-9D8F-95BE11BDEEF1}.Release|Any CPU.ActiveCfg = Release|Any CPU
		{A97D4DD0-18B1-437A-9D8F-95BE11BDEEF1}.Release|Any CPU.Build.0 = Release|Any CPU
	EndGlobalSection
EndGlobal
